
Microsoft Visual Studio Solution File, Format Version 12.00
# Visual Studio Version 17
VisualStudioVersion = 17.0.31903.59
MinimumVisualStudioVersion = 10.0.40219.1
Project("{FAE04EC0-301F-11D3-BF4B-00C04F79EFBC}") = "TTS.Core", "src\TTS.Core\TTS.Core.csproj", "{A1B2C3D4-E5F6-7890-ABCD-EF1234567890}"
EndProject
Project("{FAE04EC0-301F-11D3-BF4B-00C04F79EFBC}") = "TTS.Game", "src\TTS.Game\TTS.Game.csproj", "{B2C3D4E5-F6A7-8901-BCDE-F12345678901}"
EndProject
Project("{FAE04EC0-301F-11D3-BF4B-00C04F79EFBC}") = "TTS.Tests", "src\TTS.Tests\TTS.Tests.csproj", "{C3D4E5F6-A7B8-9012-CDEF-123456789012}"
EndProject
Project("{FAE04EC0-301F-11D3-BF4B-00C04F79EFBC}") = "TTS.Agents", "src\TTS.Agents\TTS.Agents.csproj", "{D4E5F6A7-B8C9-0123-DEF0-234567890123}"
EndProject
Project("{2150E333-8FDC-42A3-9474-1A3956D46DE8}") = "src", "src", "{827E0CD3-B72D-47B6-A68D-7590B98EB39B}"
EndProject
Project("{FAE04EC0-301F-11D3-BF4B-00C04F79EFBC}") = "TTS.Server", "src\TTS.Server\TTS.Server.csproj", "{FF4C8B8A-94B2-4EDC-9CC1-4365ACB5BF8A}"
EndProject
Project("{FAE04EC0-301F-11D3-BF4B-00C04F79EFBC}") = "TTS.Contracts", "src\TTS.Contracts\TTS.Contracts.csproj", "{FE34EFBF-FB99-4D79-812B-22D5027D09E5}"
EndProject
Project("{FAE04EC0-301F-11D3-BF4B-00C04F79EFBC}") = "TTS.Grains", "src\TTS.Grains\TTS.Grains.csproj", "{58770D35-9563-465E-9E5F-86145B038ECE}"
EndProject
Project("{FAE04EC0-301F-11D3-BF4B-00C04F79EFBC}") = "TTS.Api", "src\TTS.Api\TTS.Api.csproj", "{6DF6C9BE-23D9-486D-AB42-DFCC3351E05A}"
EndProject
Project("{FAE04EC0-301F-11D3-BF4B-00C04F79EFBC}") = "TTS.Llm", "src\TTS.Llm\TTS.Llm.csproj", "{C38567E7-9B82-4DFF-93DA-3A0DB4F3E6B1}"
EndProject
Global
	GlobalSection(SolutionConfigurationPlatforms) = preSolution
		Debug|Any CPU = Debug|Any CPU
		Debug|x64 = Debug|x64
		Debug|x86 = Debug|x86
		Release|Any CPU = Release|Any CPU
		Release|x64 = Release|x64
		Release|x86 = Release|x86
	EndGlobalSection
	GlobalSection(ProjectConfigurationPlatforms) = postSolution
		{A1B2C3D4-E5F6-7890-ABCD-EF1234567890}.Debug|Any CPU.ActiveCfg = Debug|Any CPU
		{A1B2C3D4-E5F6-7890-ABCD-EF1234567890}.Debug|Any CPU.Build.0 = Debug|Any CPU
		{A1B2C3D4-E5F6-7890-ABCD-EF1234567890}.Debug|x64.ActiveCfg = Debug|Any CPU
		{A1B2C3D4-E5F6-7890-ABCD-EF1234567890}.Debug|x64.Build.0 = Debug|Any CPU
		{A1B2C3D4-E5F6-7890-ABCD-EF1234567890}.Debug|x86.ActiveCfg = Debug|Any CPU
		{A1B2C3D4-E5F6-7890-ABCD-EF1234567890}.Debug|x86.Build.0 = Debug|Any CPU
		{A1B2C3D4-E5F6-7890-ABCD-EF1234567890}.Release|Any CPU.ActiveCfg = Release|Any CPU
		{A1B2C3D4-E5F6-7890-ABCD-EF1234567890}.Release|Any CPU.Build.0 = Release|Any CPU
		{A1B2C3D4-E5F6-7890-ABCD-EF1234567890}.Release|x64.ActiveCfg = Release|Any CPU
		{A1B2C3D4-E5F6-7890-ABCD-EF1234567890}.Release|x64.Build.0 = Release|Any CPU
		{A1B2C3D4-E5F6-7890-ABCD-EF1234567890}.Release|x86.ActiveCfg = Release|Any CPU
		{A1B2C3D4-E5F6-7890-ABCD-EF1234567890}.Release|x86.Build.0 = Release|Any CPU
		{B2C3D4E5-F6A7-8901-BCDE-F12345678901}.Debug|Any CPU.ActiveCfg = Debug|Any CPU
		{B2C3D4E5-F6A7-8901-BCDE-F12345678901}.Debug|Any CPU.Build.0 = Debug|Any CPU
		{B2C3D4E5-F6A7-8901-BCDE-F12345678901}.Debug|x64.ActiveCfg = Debug|Any CPU
		{B2C3D4E5-F6A7-8901-BCDE-F12345678901}.Debug|x64.Build.0 = Debug|Any CPU
		{B2C3D4E5-F6A7-8901-BCDE-F12345678901}.Debug|x86.ActiveCfg = Debug|Any CPU
		{B2C3D4E5-F6A7-8901-BCDE-F12345678901}.Debug|x86.Build.0 = Debug|Any CPU
		{B2C3D4E5-F6A7-8901-BCDE-F12345678901}.Release|Any CPU.ActiveCfg = Release|Any CPU
		{B2C3D4E5-F6A7-8901-BCDE-F12345678901}.Release|Any CPU.Build.0 = Release|Any CPU
		{B2C3D4E5-F6A7-8901-BCDE-F12345678901}.Release|x64.ActiveCfg = Release|Any CPU
		{B2C3D4E5-F6A7-8901-BCDE-F12345678901}.Release|x64.Build.0 = Release|Any CPU
		{B2C3D4E5-F6A7-8901-BCDE-F12345678901}.Release|x86.ActiveCfg = Release|Any CPU
		{B2C3D4E5-F6A7-8901-BCDE-F12345678901}.Release|x86.Build.0 = Release|Any CPU
		{C3D4E5F6-A7B8-9012-CDEF-123456789012}.Debug|Any CPU.ActiveCfg = Debug|Any CPU
		{C3D4E5F6-A7B8-9012-CDEF-123456789012}.Debug|Any CPU.Build.0 = Debug|Any CPU
		{C3D4E5F6-A7B8-9012-CDEF-123456789012}.Debug|x64.ActiveCfg = Debug|Any CPU
		{C3D4E5F6-A7B8-9012-CDEF-123456789012}.Debug|x64.Build.0 = Debug|Any CPU
		{C3D4E5F6-A7B8-9012-CDEF-123456789012}.Debug|x86.ActiveCfg = Debug|Any CPU
		{C3D4E5F6-A7B8-9012-CDEF-123456789012}.Debug|x86.Build.0 = Debug|Any CPU
		{C3D4E5F6-A7B8-9012-CDEF-123456789012}.Release|Any CPU.ActiveCfg = Release|Any CPU
		{C3D4E5F6-A7B8-9012-CDEF-123456789012}.Release|Any CPU.Build.0 = Release|Any CPU
		{C3D4E5F6-A7B8-9012-CDEF-123456789012}.Release|x64.ActiveCfg = Release|Any CPU
		{C3D4E5F6-A7B8-9012-CDEF-123456789012}.Release|x64.Build.0 = Release|Any CPU
		{C3D4E5F6-A7B8-9012-CDEF-123456789012}.Release|x86.ActiveCfg = Release|Any CPU
		{C3D4E5F6-A7B8-9012-CDEF-123456789012}.Release|x86.Build.0 = Release|Any CPU
		{D4E5F6A7-B8C9-0123-DEF0-234567890123}.Debug|Any CPU.ActiveCfg = Debug|Any CPU
		{D4E5F6A7-B8C9-0123-DEF0-234567890123}.Debug|Any CPU.Build.0 = Debug|Any CPU
		{D4E5F6A7-B8C9-0123-DEF0-234567890123}.Debug|x64.ActiveCfg = Debug|Any CPU
		{D4E5F6A7-B8C9-0123-DEF0-234567890123}.Debug|x64.Build.0 = Debug|Any CPU
		{D4E5F6A7-B8C9-0123-DEF0-234567890123}.Debug|x86.ActiveCfg = Debug|Any CPU
		{D4E5F6A7-B8C9-0123-DEF0-234567890123}.Debug|x86.Build.0 = Debug|Any CPU
		{D4E5F6A7-B8C9-0123-DEF0-234567890123}.Release|Any CPU.ActiveCfg = Release|Any CPU
		{D4E5F6A7-B8C9-0123-DEF0-234567890123}.Release|Any CPU.Build.0 = Release|Any CPU
		{D4E5F6A7-B8C9-0123-DEF0-234567890123}.Release|x64.ActiveCfg = Release|Any CPU
		{D4E5F6A7-B8C9-0123-DEF0-234567890123}.Release|x64.Build.0 = Release|Any CPU
		{D4E5F6A7-B8C9-0123-DEF0-234567890123}.Release|x86.ActiveCfg = Release|Any CPU
		{D4E5F6A7-B8C9-0123-DEF0-234567890123}.Release|x86.Build.0 = Release|Any CPU
		{FF4C8B8A-94B2-4EDC-9CC1-4365ACB5BF8A}.Debug|Any CPU.ActiveCfg = Debug|Any CPU
		{FF4C8B8A-94B2-4EDC-9CC1-4365ACB5BF8A}.Debug|Any CPU.Build.0 = Debug|Any CPU
		{FF4C8B8A-94B2-4EDC-9CC1-4365ACB5BF8A}.Debug|x64.ActiveCfg = Debug|Any CPU
		{FF4C8B8A-94B2-4EDC-9CC1-4365ACB5BF8A}.Debug|x64.Build.0 = Debug|Any CPU
		{FF4C8B8A-94B2-4EDC-9CC1-4365ACB5BF8A}.Debug|x86.ActiveCfg = Debug|Any CPU
		{FF4C8B8A-94B2-4EDC-9CC1-4365ACB5BF8A}.Debug|x86.Build.0 = Debug|Any CPU
		{FF4C8B8A-94B2-4EDC-9CC1-4365ACB5BF8A}.Release|Any CPU.ActiveCfg = Release|Any CPU
		{FF4C8B8A-94B2-4EDC-9CC1-4365ACB5BF8A}.Release|Any CPU.Build.0 = Release|Any CPU
		{FF4C8B8A-94B2-4EDC-9CC1-4365ACB5BF8A}.Release|x64.ActiveCfg = Release|Any CPU
		{FF4C8B8A-94B2-4EDC-9CC1-4365ACB5BF8A}.Release|x64.Build.0 = Release|Any CPU
		{FF4C8B8A-94B2-4EDC-9CC1-4365ACB5BF8A}.Release|x86.ActiveCfg = Release|Any CPU
		{FF4C8B8A-94B2-4EDC-9CC1-4365ACB5BF8A}.Release|x86.Build.0 = Release|Any CPU
		{FE34EFBF-FB99-4D79-812B-22D5027D09E5}.Debug|Any CPU.ActiveCfg = Debug|Any CPU
		{FE34EFBF-FB99-4D79-812B-22D5027D09E5}.Debug|Any CPU.Build.0 = Debug|Any CPU
		{FE34EFBF-FB99-4D79-812B-22D5027D09E5}.Debug|x64.ActiveCfg = Debug|Any CPU
		{FE34EFBF-FB99-4D79-812B-22D5027D09E5}.Debug|x64.Build.0 = Debug|Any CPU
		{FE34EFBF-FB99-4D79-812B-22D5027D09E5}.Debug|x86.ActiveCfg = Debug|Any CPU
		{FE34EFBF-FB99-4D79-812B-22D5027D09E5}.Debug|x86.Build.0 = Debug|Any CPU
		{FE34EFBF-FB99-4D79-812B-22D5027D09E5}.Release|Any CPU.ActiveCfg = Release|Any CPU
		{FE34EFBF-FB99-4D79-812B-22D5027D09E5}.Release|Any CPU.Build.0 = Release|Any CPU
		{FE34EFBF-FB99-4D79-812B-22D5027D09E5}.Release|x64.ActiveCfg = Release|Any CPU
		{FE34EFBF-FB99-4D79-812B-22D5027D09E5}.Release|x64.Build.0 = Release|Any CPU
		{FE34EFBF-FB99-4D79-812B-22D5027D09E5}.Release|x86.ActiveCfg = Release|Any CPU
		{FE34EFBF-FB99-4D79-812B-22D5027D09E5}.Release|x86.Build.0 = Release|Any CPU
		{58770D35-9563-465E-9E5F-86145B038ECE}.Debug|Any CPU.ActiveCfg = Debug|Any CPU
		{58770D35-9563-465E-9E5F-86145B038ECE}.Debug|Any CPU.Build.0 = Debug|Any CPU
		{58770D35-9563-465E-9E5F-86145B038ECE}.Debug|x64.ActiveCfg = Debug|Any CPU
		{58770D35-9563-465E-9E5F-86145B038ECE}.Debug|x64.Build.0 = Debug|Any CPU
		{58770D35-9563-465E-9E5F-86145B038ECE}.Debug|x86.ActiveCfg = Debug|Any CPU
		{58770D35-9563-465E-9E5F-86145B038ECE}.Debug|x86.Build.0 = Debug|Any CPU
		{58770D35-9563-465E-9E5F-86145B038ECE}.Release|Any CPU.ActiveCfg = Release|Any CPU
		{58770D35-9563-465E-9E5F-86145B038ECE}.Release|Any CPU.Build.0 = Release|Any CPU
		{58770D35-9563-465E-9E5F-86145B038ECE}.Release|x64.ActiveCfg = Release|Any CPU
		{58770D35-9563-465E-9E5F-86145B038ECE}.Release|x64.Build.0 = Release|Any CPU
		{58770D35-9563-465E-9E5F-86145B038ECE}.Release|x86.ActiveCfg = Release|Any CPU
		{58770D35-9563-465E-9E5F-86145B038ECE}.Release|x86.Build.0 = Release|Any CPU
		{6DF6C9BE-23D9-486D-AB42-DFCC3351E05A}.Debug|Any CPU.ActiveCfg = Debug|Any CPU
		{6DF6C9BE-23D9-486D-AB42-DFCC3351E05A}.Debug|Any CPU.Build.0 = Debug|Any CPU
		{6DF6C9BE-23D9-486D-AB42-DFCC3351E05A}.Debug|x64.ActiveCfg = Debug|Any CPU
		{6DF6C9BE-23D9-486D-AB42-DFCC3351E05A}.Debug|x64.Build.0 = Debug|Any CPU
		{6DF6C9BE-23D9-486D-AB42-DFCC3351E05A}.Debug|x86.ActiveCfg = Debug|Any CPU
		{6DF6C9BE-23D9-486D-AB42-DFCC3351E05A}.Debug|x86.Build.0 = Debug|Any CPU
		{6DF6C9BE-23D9-486D-AB42-DFCC3351E05A}.Release|Any CPU.ActiveCfg = Release|Any CPU
		{6DF6C9BE-23D9-486D-AB42-DFCC3351E05A}.Release|Any CPU.Build.0 = Release|Any CPU
		{6DF6C9BE-23D9-486D-AB42-DFCC3351E05A}.Release|x64.ActiveCfg = Release|Any CPU
		{6DF6C9BE-23D9-486D-AB42-DFCC3351E05A}.Release|x64.Build.0 = Release|Any CPU
		{6DF6C9BE-23D9-486D-AB42-DFCC3351E05A}.Release|x86.ActiveCfg = Release|Any CPU
		{6DF6C9BE-23D9-486D-AB42-DFCC3351E05A}.Release|x86.Build.0 = Release|Any CPU
		{C38567E7-9B82-4DFF-93DA-3A0DB4F3E6B1}.Debug|Any CPU.ActiveCfg = Debug|Any CPU
		{C38567E7-9B82-4DFF-93DA-3A0DB4F3E6B1}.Debug|Any CPU.Build.0 = Debug|Any CPU
		{C38567E7-9B82-4DFF-93DA-3A0DB4F3E6B1}.Debug|x64.ActiveCfg = Debug|Any CPU
		{C38567E7-9B82-4DFF-93DA-3A0DB4F3E6B1}.Debug|x64.Build.0 = Debug|Any CPU
		{C38567E7-9B82-4DFF-93DA-3A0DB4F3E6B1}.Debug|x86.ActiveCfg = Debug|Any CPU
		{C38567E7-9B82-4DFF-93DA-3A0DB4F3E6B1}.Debug|x86.Build.0 = Debug|Any CPU
		{C38567E7-9B82-4DFF-93DA-3A0DB4F3E6B1}.Release|Any CPU.ActiveCfg = Release|Any CPU
		{C38567E7-9B82-4DFF-93DA-3A0DB4F3E6B1}.Release|Any CPU.Build.0 = Release|Any CPU
		{C38567E7-9B82-4DFF-93DA-3A0DB4F3E6B1}.Release|x64.ActiveCfg = Release|Any CPU
		{C38567E7-9B82-4DFF-93DA-3A0DB4F3E6B1}.Release|x64.Build.0 = Release|Any CPU
		{C38567E7-9B82-4DFF-93DA-3A0DB4F3E6B1}.Release|x86.ActiveCfg = Release|Any CPU
		{C38567E7-9B82-4DFF-93DA-3A0DB4F3E6B1}.Release|x86.Build.0 = Release|Any CPU
	EndGlobalSection
	GlobalSection(SolutionProperties) = preSolution
		HideSolutionNode = FALSE
	EndGlobalSection
	GlobalSection(NestedProjects) = preSolution
		{FF4C8B8A-94B2-4EDC-9CC1-4365ACB5BF8A} = {827E0CD3-B72D-47B6-A68D-7590B98EB39B}
		{FE34EFBF-FB99-4D79-812B-22D5027D09E5} = {827E0CD3-B72D-47B6-A68D-7590B98EB39B}
		{58770D35-9563-465E-9E5F-86145B038ECE} = {827E0CD3-B72D-47B6-A68D-7590B98EB39B}
		{6DF6C9BE-23D9-486D-AB42-DFCC3351E05A} = {827E0CD3-B72D-47B6-A68D-7590B98EB39B}
		{C38567E7-9B82-4DFF-93DA-3A0DB4F3E6B1} = {827E0CD3-B72D-47B6-A68D-7590B98EB39B}
	EndGlobalSection
EndGlobal
